// !$*UTF8*$!
{
	archiveVersion = 1;
	classes = {
	};
	objectVersion = 50;
	objects = {

/* Begin PBXBuildFile section */
		B8D75D152191B04600EFCD81 /* AppDelegate.swift in Sources */ = {isa = PBXBuildFile; fileRef = B8D75D142191B04600EFCD81 /* AppDelegate.swift */; };
		B8D75D172191B04600EFCD81 /* ViewController.swift in Sources */ = {isa = PBXBuildFile; fileRef = B8D75D162191B04600EFCD81 /* ViewController.swift */; };
		B8D75D1A2191B04600EFCD81 /* Main.storyboard in Resources */ = {isa = PBXBuildFile; fileRef = B8D75D182191B04600EFCD81 /* Main.storyboard */; };
		B8D75D1C2191B04700EFCD81 /* Assets.xcassets in Resources */ = {isa = PBXBuildFile; fileRef = B8D75D1B2191B04700EFCD81 /* Assets.xcassets */; };
		B8D75D1F2191B04700EFCD81 /* LaunchScreen.storyboard in Resources */ = {isa = PBXBuildFile; fileRef = B8D75D1D2191B04700EFCD81 /* LaunchScreen.storyboard */; };
		B8D75D2A2191B04800EFCD81 /* SavingTheDogsTests.swift in Sources */ = {isa = PBXBuildFile; fileRef = B8D75D292191B04800EFCD81 /* SavingTheDogsTests.swift */; };
		B8D75D352191B04800EFCD81 /* SavingTheDogsUITests.swift in Sources */ = {isa = PBXBuildFile; fileRef = B8D75D342191B04800EFCD81 /* SavingTheDogsUITests.swift */; };
/* End PBXBuildFile section */

/* Begin PBXContainerItemProxy section */
		B8D75D262191B04800EFCD81 /* PBXContainerItemProxy */ = {
			isa = PBXContainerItemProxy;
			containerPortal = B8D75D092191B04600EFCD81 /* Project object */;
			proxyType = 1;
			remoteGlobalIDString = B8D75D102191B04600EFCD81;
			remoteInfo = SavingTheDogs;
		};
		B8D75D312191B04800EFCD81 /* PBXContainerItemProxy */ = {
			isa = PBXContainerItemProxy;
			containerPortal = B8D75D092191B04600EFCD81 /* Project object */;
			proxyType = 1;
			remoteGlobalIDString = B8D75D102191B04600EFCD81;
			remoteInfo = SavingTheDogs;
		};
/* End PBXContainerItemProxy section */

/* Begin PBXFileReference section */
		B8D75D112191B04600EFCD81 /* SavingTheDogs.app */ = {isa = PBXFileReference; explicitFileType = wrapper.application; includeInIndex = 0; path = SavingTheDogs.app; sourceTree = BUILT_PRODUCTS_DIR; };
		B8D75D142191B04600EFCD81 /* AppDelegate.swift */ = {isa = PBXFileReference; lastKnownFileType = sourcecode.swift; path = AppDelegate.swift; sourceTree = "<group>"; };
		B8D75D162191B04600EFCD81 /* ViewController.swift */ = {isa = PBXFileReference; lastKnownFileType = sourcecode.swift; path = ViewController.swift; sourceTree = "<group>"; };
		B8D75D192191B04600EFCD81 /* Base */ = {isa = PBXFileReference; lastKnownFileType = file.storyboard; name = Base; path = Base.lproj/Main.storyboard; sourceTree = "<group>"; };
		B8D75D1B2191B04700EFCD81 /* Assets.xcassets */ = {isa = PBXFileReference; lastKnownFileType = folder.assetcatalog; path = Assets.xcassets; sourceTree = "<group>"; };
		B8D75D1E2191B04700EFCD81 /* Base */ = {isa = PBXFileReference; lastKnownFileType = file.storyboard; name = Base; path = Base.lproj/LaunchScreen.storyboard; sourceTree = "<group>"; };
		B8D75D202191B04700EFCD81 /* Info.plist */ = {isa = PBXFileReference; lastKnownFileType = text.plist.xml; path = Info.plist; sourceTree = "<group>"; };
		B8D75D252191B04800EFCD81 /* SavingTheDogsTests.xctest */ = {isa = PBXFileReference; explicitFileType = wrapper.cfbundle; includeInIndex = 0; path = SavingTheDogsTests.xctest; sourceTree = BUILT_PRODUCTS_DIR; };
		B8D75D292191B04800EFCD81 /* SavingTheDogsTests.swift */ = {isa = PBXFileReference; lastKnownFileType = sourcecode.swift; path = SavingTheDogsTests.swift; sourceTree = "<group>"; };
		B8D75D2B2191B04800EFCD81 /* Info.plist */ = {isa = PBXFileReference; lastKnownFileType = text.plist.xml; path = Info.plist; sourceTree = "<group>"; };
		B8D75D302191B04800EFCD81 /* SavingTheDogsUITests.xctest */ = {isa = PBXFileReference; explicitFileType = wrapper.cfbundle; includeInIndex = 0; path = SavingTheDogsUITests.xctest; sourceTree = BUILT_PRODUCTS_DIR; };
		B8D75D342191B04800EFCD81 /* SavingTheDogsUITests.swift */ = {isa = PBXFileReference; lastKnownFileType = sourcecode.swift; path = SavingTheDogsUITests.swift; sourceTree = "<group>"; };
		B8D75D362191B04800EFCD81 /* Info.plist */ = {isa = PBXFileReference; lastKnownFileType = text.plist.xml; path = Info.plist; sourceTree = "<group>"; };
/* End PBXFileReference section */

/* Begin PBXFrameworksBuildPhase section */
		B8D75D0E2191B04600EFCD81 /* Frameworks */ = {
			isa = PBXFrameworksBuildPhase;
			buildActionMask = 2147483647;
			files = (
			);
			runOnlyForDeploymentPostprocessing = 0;
		};
		B8D75D222191B04800EFCD81 /* Frameworks */ = {
			isa = PBXFrameworksBuildPhase;
			buildActionMask = 2147483647;
			files = (
			);
			runOnlyForDeploymentPostprocessing = 0;
		};
		B8D75D2D2191B04800EFCD81 /* Frameworks */ = {
			isa = PBXFrameworksBuildPhase;
			buildActionMask = 2147483647;
			files = (
			);
			runOnlyForDeploymentPostprocessing = 0;
		};
/* End PBXFrameworksBuildPhase section */

/* Begin PBXGroup section */
		B8D75D082191B04600EFCD81 = {
			isa = PBXGroup;
			children = (
				B8D75D132191B04600EFCD81 /* SavingTheDogs */,
				B8D75D282191B04800EFCD81 /* SavingTheDogsTests */,
				B8D75D332191B04800EFCD81 /* SavingTheDogsUITests */,
				B8D75D122191B04600EFCD81 /* Products */,
			);
			sourceTree = "<group>";
		};
		B8D75D122191B04600EFCD81 /* Products */ = {
			isa = PBXGroup;
			children = (
				B8D75D112191B04600EFCD81 /* SavingTheDogs.app */,
				B8D75D252191B04800EFCD81 /* SavingTheDogsTests.xctest */,
				B8D75D302191B04800EFCD81 /* SavingTheDogsUITests.xctest */,
			);
			name = Products;
			sourceTree = "<group>";
		};
		B8D75D132191B04600EFCD81 /* SavingTheDogs */ = {
			isa = PBXGroup;
			children = (
				B8D75D142191B04600EFCD81 /* AppDelegate.swift */,
				B8D75D162191B04600EFCD81 /* ViewController.swift */,
				B8D75D182191B04600EFCD81 /* Main.storyboard */,
				B8D75D1B2191B04700EFCD81 /* Assets.xcassets */,
				B8D75D1D2191B04700EFCD81 /* LaunchScreen.storyboard */,
				B8D75D202191B04700EFCD81 /* Info.plist */,
			);
			path = SavingTheDogs;
			sourceTree = "<group>";
		};
		B8D75D282191B04800EFCD81 /* SavingTheDogsTests */ = {
			isa = PBXGroup;
			children = (
				B8D75D292191B04800EFCD81 /* SavingTheDogsTests.swift */,
				B8D75D2B2191B04800EFCD81 /* Info.plist */,
			);
			path = SavingTheDogsTests;
			sourceTree = "<group>";
		};
		B8D75D332191B04800EFCD81 /* SavingTheDogsUITests */ = {
			isa = PBXGroup;
			children = (
				B8D75D342191B04800EFCD81 /* SavingTheDogsUITests.swift */,
				B8D75D362191B04800EFCD81 /* Info.plist */,
			);
			path = SavingTheDogsUITests;
			sourceTree = "<group>";
		};
/* End PBXGroup section */

/* Begin PBXNativeTarget section */
		B8D75D102191B04600EFCD81 /* SavingTheDogs */ = {
			isa = PBXNativeTarget;
			buildConfigurationList = B8D75D392191B04800EFCD81 /* Build configuration list for PBXNativeTarget "SavingTheDogs" */;
			buildPhases = (
				B8D75D0D2191B04600EFCD81 /* Sources */,
				B8D75D0E2191B04600EFCD81 /* Frameworks */,
				B8D75D0F2191B04600EFCD81 /* Resources */,
			);
			buildRules = (
			);
			dependencies = (
			);
			name = SavingTheDogs;
			productName = SavingTheDogs;
			productReference = B8D75D112191B04600EFCD81 /* SavingTheDogs.app */;
			productType = "com.apple.product-type.application";
		};
		B8D75D242191B04800EFCD81 /* SavingTheDogsTests */ = {
			isa = PBXNativeTarget;
			buildConfigurationList = B8D75D3C2191B04800EFCD81 /* Build configuration list for PBXNativeTarget "SavingTheDogsTests" */;
			buildPhases = (
				B8D75D212191B04800EFCD81 /* Sources */,
				B8D75D222191B04800EFCD81 /* Frameworks */,
				B8D75D232191B04800EFCD81 /* Resources */,
			);
			buildRules = (
			);
			dependencies = (
				B8D75D272191B04800EFCD81 /* PBXTargetDependency */,
			);
			name = SavingTheDogsTests;
			productName = SavingTheDogsTests;
			productReference = B8D75D252191B04800EFCD81 /* SavingTheDogsTests.xctest */;
			productType = "com.apple.product-type.bundle.unit-test";
		};
		B8D75D2F2191B04800EFCD81 /* SavingTheDogsUITests */ = {
			isa = PBXNativeTarget;
			buildConfigurationList = B8D75D3F2191B04800EFCD81 /* Build configuration list for PBXNativeTarget "SavingTheDogsUITests" */;
			buildPhases = (
				B8D75D2C2191B04800EFCD81 /* Sources */,
				B8D75D2D2191B04800EFCD81 /* Frameworks */,
				B8D75D2E2191B04800EFCD81 /* Resources */,
			);
			buildRules = (
			);
			dependencies = (
				B8D75D322191B04800EFCD81 /* PBXTargetDependency */,
			);
			name = SavingTheDogsUITests;
			productName = SavingTheDogsUITests;
			productReference = B8D75D302191B04800EFCD81 /* SavingTheDogsUITests.xctest */;
			productType = "com.apple.product-type.bundle.ui-testing";
		};
/* End PBXNativeTarget section */

/* Begin PBXProject section */
		B8D75D092191B04600EFCD81 /* Project object */ = {
			isa = PBXProject;
			attributes = {
				LastSwiftUpdateCheck = 1010;
				LastUpgradeCheck = 1010;
				ORGANIZATIONNAME = "Nathaniel Smith";
				TargetAttributes = {
					B8D75D102191B04600EFCD81 = {
						CreatedOnToolsVersion = 10.1;
					};
					B8D75D242191B04800EFCD81 = {
						CreatedOnToolsVersion = 10.1;
						TestTargetID = B8D75D102191B04600EFCD81;
					};
					B8D75D2F2191B04800EFCD81 = {
						CreatedOnToolsVersion = 10.1;
						TestTargetID = B8D75D102191B04600EFCD81;
					};
				};
			};
			buildConfigurationList = B8D75D0C2191B04600EFCD81 /* Build configuration list for PBXProject "SavingTheDogs" */;
			compatibilityVersion = "Xcode 9.3";
			developmentRegion = en;
			hasScannedForEncodings = 0;
			knownRegions = (
				en,
				Base,
			);
			mainGroup = B8D75D082191B04600EFCD81;
			productRefGroup = B8D75D122191B04600EFCD81 /* Products */;
			projectDirPath = "";
			projectRoot = "";
			targets = (
				B8D75D102191B04600EFCD81 /* SavingTheDogs */,
				B8D75D242191B04800EFCD81 /* SavingTheDogsTests */,
				B8D75D2F2191B04800EFCD81 /* SavingTheDogsUITests */,
			);
		};
/* End PBXProject section */

/* Begin PBXResourcesBuildPhase section */
		B8D75D0F2191B04600EFCD81 /* Resources */ = {
			isa = PBXResourcesBuildPhase;
			buildActionMask = 2147483647;
			files = (
				B8D75D1F2191B04700EFCD81 /* LaunchScreen.storyboard in Resources */,
				B8D75D1C2191B04700EFCD81 /* Assets.xcassets in Resources */,
				B8D75D1A2191B04600EFCD81 /* Main.storyboard in Resources */,
			);
			runOnlyForDeploymentPostprocessing = 0;
		};
		B8D75D232191B04800EFCD81 /* Resources */ = {
			isa = PBXResourcesBuildPhase;
			buildActionMask = 2147483647;
			files = (
			);
			runOnlyForDeploymentPostprocessing = 0;
		};
		B8D75D2E2191B04800EFCD81 /* Resources */ = {
			isa = PBXResourcesBuildPhase;
			buildActionMask = 2147483647;
			files = (
			);
			runOnlyForDeploymentPostprocessing = 0;
		};
/* End PBXResourcesBuildPhase section */

/* Begin PBXSourcesBuildPhase section */
		B8D75D0D2191B04600EFCD81 /* Sources */ = {
			isa = PBXSourcesBuildPhase;
			buildActionMask = 2147483647;
			files = (
				B8D75D172191B04600EFCD81 /* ViewController.swift in Sources */,
				B8D75D152191B04600EFCD81 /* AppDelegate.swift in Sources */,
			);
			runOnlyForDeploymentPostprocessing = 0;
		};
		B8D75D212191B04800EFCD81 /* Sources */ = {
			isa = PBXSourcesBuildPhase;
			buildActionMask = 2147483647;
			files = (
				B8D75D2A2191B04800EFCD81 /* SavingTheDogsTests.swift in Sources */,
			);
			runOnlyForDeploymentPostprocessing = 0;
		};
		B8D75D2C2191B04800EFCD81 /* Sources */ = {
			isa = PBXSourcesBuildPhase;
			buildActionMask = 2147483647;
			files = (
				B8D75D352191B04800EFCD81 /* SavingTheDogsUITests.swift in Sources */,
			);
			runOnlyForDeploymentPostprocessing = 0;
		};
/* End PBXSourcesBuildPhase section */

/* Begin PBXTargetDependency section */
		B8D75D272191B04800EFCD81 /* PBXTargetDependency */ = {
			isa = PBXTargetDependency;
			target = B8D75D102191B04600EFCD81 /* SavingTheDogs */;
			targetProxy = B8D75D262191B04800EFCD81 /* PBXContainerItemProxy */;
		};
		B8D75D322191B04800EFCD81 /* PBXTargetDependency */ = {
			isa = PBXTargetDependency;
			target = B8D75D102191B04600EFCD81 /* SavingTheDogs */;
			targetProxy = B8D75D312191B04800EFCD81 /* PBXContainerItemProxy */;
		};
/* End PBXTargetDependency section */

/* Begin PBXVariantGroup section */
		B8D75D182191B04600EFCD81 /* Main.storyboard */ = {
			isa = PBXVariantGroup;
			children = (
				B8D75D192191B04600EFCD81 /* Base */,
			);
			name = Main.storyboard;
			sourceTree = "<group>";
		};
		B8D75D1D2191B04700EFCD81 /* LaunchScreen.storyboard */ = {
			isa = PBXVariantGroup;
			children = (
				B8D75D1E2191B04700EFCD81 /* Base */,
			);
			name = LaunchScreen.storyboard;
			sourceTree = "<group>";
		};
/* End PBXVariantGroup section */

/* Begin XCBuildConfiguration section */
		B8D75D372191B04800EFCD81 /* Debug */ = {
			isa = XCBuildConfiguration;
			buildSettings = {
				ALWAYS_SEARCH_USER_PATHS = NO;
				CLANG_ANALYZER_NONNULL = YES;
				CLANG_ANALYZER_NUMBER_OBJECT_CONVERSION = YES_AGGRESSIVE;
				CLANG_CXX_LANGUAGE_STANDARD = "gnu++14";
				CLANG_CXX_LIBRARY = "libc++";
				CLANG_ENABLE_MODULES = YES;
				CLANG_ENABLE_OBJC_ARC = YES;
				CLANG_ENABLE_OBJC_WEAK = YES;
				CLANG_WARN_BLOCK_CAPTURE_AUTORELEASING = YES;
				CLANG_WARN_BOOL_CONVERSION = YES;
				CLANG_WARN_COMMA = YES;
				CLANG_WARN_CONSTANT_CONVERSION = YES;
				CLANG_WARN_DEPRECATED_OBJC_IMPLEMENTATIONS = YES;
				CLANG_WARN_DIRECT_OBJC_ISA_USAGE = YES_ERROR;
				CLANG_WARN_DOCUMENTATION_COMMENTS = YES;
				CLANG_WARN_EMPTY_BODY = YES;
				CLANG_WARN_ENUM_CONVERSION = YES;
				CLANG_WARN_INFINITE_RECURSION = YES;
				CLANG_WARN_INT_CONVERSION = YES;
				CLANG_WARN_NON_LITERAL_NULL_CONVERSION = YES;
				CLANG_WARN_OBJC_IMPLICIT_RETAIN_SELF = YES;
				CLANG_WARN_OBJC_LITERAL_CONVERSION = YES;
				CLANG_WARN_OBJC_ROOT_CLASS = YES_ERROR;
				CLANG_WARN_RANGE_LOOP_ANALYSIS = YES;
				CLANG_WARN_STRICT_PROTOTYPES = YES;
				CLANG_WARN_SUSPICIOUS_MOVE = YES;
				CLANG_WARN_UNGUARDED_AVAILABILITY = YES_AGGRESSIVE;
				CLANG_WARN_UNREACHABLE_CODE = YES;
				CLANG_WARN__DUPLICATE_METHOD_MATCH = YES;
				CODE_SIGN_IDENTITY = "iPhone Developer";
				COPY_PHASE_STRIP = NO;
				DEBUG_INFORMATION_FORMAT = dwarf;
				ENABLE_STRICT_OBJC_MSGSEND = YES;
				ENABLE_TESTABILITY = YES;
				GCC_C_LANGUAGE_STANDARD = gnu11;
				GCC_DYNAMIC_NO_PIC = NO;
				GCC_NO_COMMON_BLOCKS = YES;
				GCC_OPTIMIZATION_LEVEL = 0;
				GCC_PREPROCESSOR_DEFINITIONS = (
					"DEBUG=1",
					"$(inherited)",
				);
				GCC_WARN_64_TO_32_BIT_CONVERSION = YES;
				GCC_WARN_ABOUT_RETURN_TYPE = YES_ERROR;
				GCC_WARN_UNDECLARED_SELECTOR = YES;
				GCC_WARN_UNINITIALIZED_AUTOS = YES_AGGRESSIVE;
				GCC_WARN_UNUSED_FUNCTION = YES;
				GCC_WARN_UNUSED_VARIABLE = YES;
				IPHONEOS_DEPLOYMENT_TARGET = 12.1;
				MTL_ENABLE_DEBUG_INFO = INCLUDE_SOURCE;
				MTL_FAST_MATH = YES;
				ONLY_ACTIVE_ARCH = YES;
				SDKROOT = iphoneos;
				SWIFT_ACTIVE_COMPILATION_CONDITIONS = DEBUG;
				SWIFT_OPTIMIZATION_LEVEL = "-Onone";
			};
			name = Debug;
		};
		B8D75D382191B04800EFCD81 /* Release */ = {
			isa = XCBuildConfiguration;
			buildSettings = {
				ALWAYS_SEARCH_USER_PATHS = NO;
				CLANG_ANALYZER_NONNULL = YES;
				CLANG_ANALYZER_NUMBER_OBJECT_CONVERSION = YES_AGGRESSIVE;
				CLANG_CXX_LANGUAGE_STANDARD = "gnu++14";
				CLANG_CXX_LIBRARY = "libc++";
				CLANG_ENABLE_MODULES = YES;
				CLANG_ENABLE_OBJC_ARC = YES;
				CLANG_ENABLE_OBJC_WEAK = YES;
				CLANG_WARN_BLOCK_CAPTURE_AUTORELEASING = YES;
				CLANG_WARN_BOOL_CONVERSION = YES;
				CLANG_WARN_COMMA = YES;
				CLANG_WARN_CONSTANT_CONVERSION = YES;
				CLANG_WARN_DEPRECATED_OBJC_IMPLEMENTATIONS = YES;
				CLANG_WARN_DIRECT_OBJC_ISA_USAGE = YES_ERROR;
				CLANG_WARN_DOCUMENTATION_COMMENTS = YES;
				CLANG_WARN_EMPTY_BODY = YES;
				CLANG_WARN_ENUM_CONVERSION = YES;
				CLANG_WARN_INFINITE_RECURSION = YES;
				CLANG_WARN_INT_CONVERSION = YES;
				CLANG_WARN_NON_LITERAL_NULL_CONVERSION = YES;
				CLANG_WARN_OBJC_IMPLICIT_RETAIN_SELF = YES;
				CLANG_WARN_OBJC_LITERAL_CONVERSION = YES;
				CLANG_WARN_OBJC_ROOT_CLASS = YES_ERROR;
				CLANG_WARN_RANGE_LOOP_ANALYSIS = YES;
				CLANG_WARN_STRICT_PROTOTYPES = YES;
				CLANG_WARN_SUSPICIOUS_MOVE = YES;
				CLANG_WARN_UNGUARDED_AVAILABILITY = YES_AGGRESSIVE;
				CLANG_WARN_UNREACHABLE_CODE = YES;
				CLANG_WARN__DUPLICATE_METHOD_MATCH = YES;
				CODE_SIGN_IDENTITY = "iPhone Developer";
				COPY_PHASE_STRIP = NO;
				DEBUG_INFORMATION_FORMAT = "dwarf-with-dsym";
				ENABLE_NS_ASSERTIONS = NO;
				ENABLE_STRICT_OBJC_MSGSEND = YES;
				GCC_C_LANGUAGE_STANDARD = gnu11;
				GCC_NO_COMMON_BLOCKS = YES;
				GCC_WARN_64_TO_32_BIT_CONVERSION = YES;
				GCC_WARN_ABOUT_RETURN_TYPE = YES_ERROR;
				GCC_WARN_UNDECLARED_SELECTOR = YES;
				GCC_WARN_UNINITIALIZED_AUTOS = YES_AGGRESSIVE;
				GCC_WARN_UNUSED_FUNCTION = YES;
				GCC_WARN_UNUSED_VARIABLE = YES;
				IPHONEOS_DEPLOYMENT_TARGET = 12.1;
				MTL_ENABLE_DEBUG_INFO = NO;
				MTL_FAST_MATH = YES;
				SDKROOT = iphoneos;
				SWIFT_COMPILATION_MODE = wholemodule;
				SWIFT_OPTIMIZATION_LEVEL = "-O";
				VALIDATE_PRODUCT = YES;
			};
			name = Release;
		};
		B8D75D3A2191B04800EFCD81 /* Debug */ = {
			isa = XCBuildConfiguration;
			buildSettings = {
				ASSETCATALOG_COMPILER_APPICON_NAME = AppIcon;
				CODE_SIGN_STYLE = Automatic;
				INFOPLIST_FILE = SavingTheDogs/Info.plist;
				LD_RUNPATH_SEARCH_PATHS = (
					"$(inherited)",
					"@executable_path/Frameworks",
				);
				PRODUCT_BUNDLE_IDENTIFIER = nate.SavingTheDogs;
				PRODUCT_NAME = "$(TARGET_NAME)";
				SWIFT_VERSION = 4.2;
				TARGETED_DEVICE_FAMILY = "1,2";
			};
			name = Debug;
		};
		B8D75D3B2191B04800EFCD81 /* Release */ = {
			isa = XCBuildConfiguration;
			buildSettings = {
				ASSETCATALOG_COMPILER_APPICON_NAME = AppIcon;
				CODE_SIGN_STYLE = Automatic;
				INFOPLIST_FILE = SavingTheDogs/Info.plist;
				LD_RUNPATH_SEARCH_PATHS = (
					"$(inherited)",
					"@executable_path/Frameworks",
				);
				PRODUCT_BUNDLE_IDENTIFIER = nate.SavingTheDogs;
				PRODUCT_NAME = "$(TARGET_NAME)";
				SWIFT_VERSION = 4.2;
				TARGETED_DEVICE_FAMILY = "1,2";
			};
			name = Release;
		};
		B8D75D3D2191B04800EFCD81 /* Debug */ = {
			isa = XCBuildConfiguration;
			buildSettings = {
				ALWAYS_EMBED_SWIFT_STANDARD_LIBRARIES = YES;
				BUNDLE_LOADER = "$(TEST_HOST)";
				CODE_SIGN_STYLE = Automatic;
				INFOPLIST_FILE = SavingTheDogsTests/Info.plist;
				LD_RUNPATH_SEARCH_PATHS = (
					"$(inherited)",
					"@executable_path/Frameworks",
					"@loader_path/Frameworks",
				);
				PRODUCT_BUNDLE_IDENTIFIER = nate.SavingTheDogsTests;
				PRODUCT_NAME = "$(TARGET_NAME)";
				SWIFT_VERSION = 4.2;
				TARGETED_DEVICE_FAMILY = "1,2";
				TEST_HOST = "$(BUILT_PRODUCTS_DIR)/SavingTheDogs.app/SavingTheDogs";
			};
			name = Debug;
		};
		B8D75D3E2191B04800EFCD81 /* Release */ = {
			isa = XCBuildConfiguration;
			buildSettings = {
				ALWAYS_EMBED_SWIFT_STANDARD_LIBRARIES = YES;
				BUNDLE_LOADER = "$(TEST_HOST)";
				CODE_SIGN_STYLE = Automatic;
				INFOPLIST_FILE = SavingTheDogsTests/Info.plist;
				LD_RUNPATH_SEARCH_PATHS = (
					"$(inherited)",
					"@executable_path/Frameworks",
					"@loader_path/Frameworks",
				);
				PRODUCT_BUNDLE_IDENTIFIER = nate.SavingTheDogsTests;
				PRODUCT_NAME = "$(TARGET_NAME)";
				SWIFT_VERSION = 4.2;
				TARGETED_DEVICE_FAMILY = "1,2";
				TEST_HOST = "$(BUILT_PRODUCTS_DIR)/SavingTheDogs.app/SavingTheDogs";
			};
			name = Release;
		};
		B8D75D402191B04800EFCD81 /* Debug */ = {
			isa = XCBuildConfiguration;
			buildSettings = {
				ALWAYS_EMBED_SWIFT_STANDARD_LIBRARIES = YES;
				CODE_SIGN_STYLE = Automatic;
				INFOPLIST_FILE = SavingTheDogsUITests/Info.plist;
				LD_RUNPATH_SEARCH_PATHS = (
					"$(inherited)",
					"@executable_path/Frameworks",
					"@loader_path/Frameworks",
				);
				PRODUCT_BUNDLE_IDENTIFIER = nate.SavingTheDogsUITests;
				PRODUCT_NAME = "$(TARGET_NAME)";
				SWIFT_VERSION = 4.2;
				TARGETED_DEVICE_FAMILY = "1,2";
				TEST_TARGET_NAME = SavingTheDogs;
			};
			name = Debug;
		};
		B8D75D412191B04800EFCD81 /* Release */ = {
			isa = XCBuildConfiguration;
			buildSettings = {
				ALWAYS_EMBED_SWIFT_STANDARD_LIBRARIES = YES;
				CODE_SIGN_STYLE = Automatic;
				INFOPLIST_FILE = SavingTheDogsUITests/Info.plist;
				LD_RUNPATH_SEARCH_PATHS = (
					"$(inherited)",
					"@executable_path/Frameworks",
					"@loader_path/Frameworks",
				);
				PRODUCT_BUNDLE_IDENTIFIER = nate.SavingTheDogsUITests;
				PRODUCT_NAME = "$(TARGET_NAME)";
				SWIFT_VERSION = 4.2;
				TARGETED_DEVICE_FAMILY = "1,2";
				TEST_TARGET_NAME = SavingTheDogs;
			};
			name = Release;
		};
/* End XCBuildConfiguration section */

/* Begin XCConfigurationList section */
		B8D75D0C2191B04600EFCD81 /* Build configuration list for PBXProject "SavingTheDogs" */ = {
			isa = XCConfigurationList;
			buildConfigurations = (
				B8D75D372191B04800EFCD81 /* Debug */,
				B8D75D382191B04800EFCD81 /* Release */,
			);
			defaultConfigurationIsVisible = 0;
			defaultConfigurationName = Release;
		};
		B8D75D392191B04800EFCD81 /* Build configuration list for PBXNativeTarget "SavingTheDogs" */ = {
			isa = XCConfigurationList;
			buildConfigurations = (
				B8D75D3A2191B04800EFCD81 /* Debug */,
				B8D75D3B2191B04800EFCD81 /* Release */,
			);
			defaultConfigurationIsVisible = 0;
			defaultConfigurationName = Release;
		};
		B8D75D3C2191B04800EFCD81 /* Build configuration list for PBXNativeTarget "SavingTheDogsTests" */ = {
			isa = XCConfigurationList;
			buildConfigurations = (
				B8D75D3D2191B04800EFCD81 /* Debug */,
				B8D75D3E2191B04800EFCD81 /* Release */,
			);
			defaultConfigurationIsVisible = 0;
			defaultConfigurationName = Release;
		};
		B8D75D3F2191B04800EFCD81 /* Build configuration list for PBXNativeTarget "SavingTheDogsUITests" */ = {
			isa = XCConfigurationList;
			buildConfigurations = (
				B8D75D402191B04800EFCD81 /* Debug */,
				B8D75D412191B04800EFCD81 /* Release */,
			);
			defaultConfigurationIsVisible = 0;
			defaultConfigurationName = Release;
		};
/* End XCConfigurationList section */
	};
	rootObject = B8D75D092191B04600EFCD81 /* Project object */;
}
